PODS:
  - Alamofire (5.8.1)
  - Localize-Swift (3.2.0):
    - Localize-Swift/LocalizeSwiftCore (= 3.2.0)
    - Localize-Swift/UIKit (= 3.2.0)
  - Localize-Swift/LocalizeSwiftCore (3.2.0)
  - Localize-Swift/UIKit (3.2.0):
    - Localize-Swift/LocalizeSwiftCore
  - SDWebImage (5.18.8):
    - SDWebImage/Core (= 5.18.8)
  - SDWebImage/Core (5.18.8)
  - SnapKit (5.6.0)
  - SVProgressHUD (2.3.1):
    - SVProgressHUD/Core (= 2.3.1)
  - SVProgressHUD/Core (2.3.1)
  - SwiftyJSON (5.0.1)
  - YouTubePlayer (0.7.2)

DEPENDENCIES:
  - Alamofire
  - Localize-Swift
  - SDWebImage
  - SnapKit (~> 5.6)
  - SVProgressHUD
  - SwiftyJSON
  - YouTubePlayer

SPEC REPOS:
  trunk:
    - Alamofire
    - Localize-Swift
    - SDWebImage
    - SnapKit
    - SVProgressHUD
    - SwiftyJSON
    - YouTubePlayer

SPEC CHECKSUMS:
  Alamofire: 3ca42e259043ee0dc5c0cdd76c4bc568b8e42af7
  Localize-Swift: 6f4475136bdb0d7b2882ea3d4ea919d70142b232
  SDWebImage: a81bbb3ba4ea5f810f4069c68727cb118467a04a
  SnapKit: e01d52ebb8ddbc333eefe2132acf85c8227d9c25
  SVProgressHUD: 4837c74bdfe2e51e8821c397825996a8d7de6e22
  SwiftyJSON: 2f33a42c6fbc52764d96f13368585094bfd8aa5e
  YouTubePlayer: 2b5f2830d8f9b2cde942083211291e382c9e6bd5

PODFILE CHECKSUM: 9db6e09a67f3faf602d92bfd9ca3c8933fc8ef0d

COCOAPODS: 1.14.3
